
Microsoft Visual Studio Solution File, Format Version 12.00
# Visual Studio Version 17
VisualStudioVersion = 17.0.31903.59
MinimumVisualStudioVersion = 10.0.40219.1
Project("{FAE04EC0-301F-11D3-BF4B-00C04F79EFBC}") = "Decisions.MQTT", "Decisions.MQTT\Decisions.MQTT.csproj", "{081B9E2E-48E4-459A-A609-A4D197E1252C}"
EndProject
Global
	GlobalSection(SolutionConfigurationPlatforms) = preSolution
		Debug|Any CPU = Debug|Any CPU
		Release|Any CPU = Release|Any CPU
	EndGlobalSection
	GlobalSection(SolutionProperties) = preSolution
		HideSolutionNode = FALSE
	EndGlobalSection
	GlobalSection(ProjectConfigurationPlatforms) = postSolution
		{081B9E2E-48E4-459A-A609-A4D197E1252C}.Debug|Any CPU.ActiveCfg = Debug|Any CPU
		{081B9E2E-48E4-459A-A609-A4D197E1252C}.Debug|Any CPU.Build.0 = Debug|Any CPU
		{081B9E2E-48E4-459A-A609-A4D197E1252C}.Release|Any CPU.ActiveCfg = Release|Any CPU
		{081B9E2E-48E4-459A-A609-A4D197E1252C}.Release|Any CPU.Build.0 = Release|Any CPU
	EndGlobalSection
EndGlobal
